// !$*UTF8*$!
{
	archiveVersion = 1;
	classes = {
	};
	objectVersion = 48;
	objects = {

/* Begin PBXBuildFile section */
		9B6E542620284FA400F5601B /* main.swift in Sources */ = {isa = PBXBuildFile; fileRef = 9B6E542520284FA400F5601B /* main.swift */; };
		9B6E54312028618200F5601B /* ShippingInfo.swift in Sources */ = {isa = PBXBuildFile; fileRef = 9B6E54302028618200F5601B /* ShippingInfo.swift */; };
		9B6E54332028629300F5601B /* Customer.swift in Sources */ = {isa = PBXBuildFile; fileRef = 9B6E54322028629300F5601B /* Customer.swift */; };
		9B6E54352028643800F5601B /* ShoppingCart.swift in Sources */ = {isa = PBXBuildFile; fileRef = 9B6E54342028643800F5601B /* ShoppingCart.swift */; };
		9B6E5437202865FA00F5601B /* Orders.swift in Sources */ = {isa = PBXBuildFile; fileRef = 9B6E5436202865FA00F5601B /* Orders.swift */; };
		9B6E5439202867BA00F5601B /* User.swift in Sources */ = {isa = PBXBuildFile; fileRef = 9B6E5438202867BA00F5601B /* User.swift */; };
		9B6E543B20286C1300F5601B /* Order Details.swift in Sources */ = {isa = PBXBuildFile; fileRef = 9B6E543A20286C1300F5601B /* Order Details.swift */; };
		9B6E543D20286FDC00F5601B /* Administrator.swift in Sources */ = {isa = PBXBuildFile; fileRef = 9B6E543C20286FDC00F5601B /* Administrator.swift */; };
/* End PBXBuildFile section */

/* Begin PBXCopyFilesBuildPhase section */
		9B6E542020284FA400F5601B /* CopyFiles */ = {
			isa = PBXCopyFilesBuildPhase;
			buildActionMask = 2147483647;
			dstPath = /usr/share/man/man1/;
			dstSubfolderSpec = 0;
			files = (
			);
			runOnlyForDeploymentPostprocessing = 1;
		};
/* End PBXCopyFilesBuildPhase section */

/* Begin PBXFileReference section */
		9B6E542220284FA400F5601B /* swift project */ = {isa = PBXFileReference; explicitFileType = "compiled.mach-o.executable"; includeInIndex = 0; path = "swift project"; sourceTree = BUILT_PRODUCTS_DIR; };
		9B6E542520284FA400F5601B /* main.swift */ = {isa = PBXFileReference; lastKnownFileType = sourcecode.swift; path = main.swift; sourceTree = "<group>"; };
		9B6E54302028618200F5601B /* ShippingInfo.swift */ = {isa = PBXFileReference; lastKnownFileType = sourcecode.swift; path = ShippingInfo.swift; sourceTree = "<group>"; };
		9B6E54322028629300F5601B /* Customer.swift */ = {isa = PBXFileReference; lastKnownFileType = sourcecode.swift; path = Customer.swift; sourceTree = "<group>"; };
		9B6E54342028643800F5601B /* ShoppingCart.swift */ = {isa = PBXFileReference; lastKnownFileType = sourcecode.swift; path = ShoppingCart.swift; sourceTree = "<group>"; };
		9B6E5436202865FA00F5601B /* Orders.swift */ = {isa = PBXFileReference; lastKnownFileType = sourcecode.swift; path = Orders.swift; sourceTree = "<group>"; };
		9B6E5438202867BA00F5601B /* User.swift */ = {isa = PBXFileReference; lastKnownFileType = sourcecode.swift; path = User.swift; sourceTree = "<group>"; };
		9B6E543A20286C1300F5601B /* Order Details.swift */ = {isa = PBXFileReference; lastKnownFileType = sourcecode.swift; path = "Order Details.swift"; sourceTree = "<group>"; };
		9B6E543C20286FDC00F5601B /* Administrator.swift */ = {isa = PBXFileReference; lastKnownFileType = sourcecode.swift; path = Administrator.swift; sourceTree = "<group>"; };
/* End PBXFileReference section */

/* Begin PBXFrameworksBuildPhase section */
		9B6E541F20284FA400F5601B /* Frameworks */ = {
			isa = PBXFrameworksBuildPhase;
			buildActionMask = 2147483647;
			files = (
			);
			runOnlyForDeploymentPostprocessing = 0;
		};
/* End PBXFrameworksBuildPhase section */

/* Begin PBXGroup section */
		9B6E541920284FA400F5601B = {
			isa = PBXGroup;
			children = (
				9B6E542420284FA400F5601B /* swift project */,
				9B6E542320284FA400F5601B /* Products */,
			);
			sourceTree = "<group>";
		};
		9B6E542320284FA400F5601B /* Products */ = {
			isa = PBXGroup;
			children = (
				9B6E542220284FA400F5601B /* swift project */,
			);
			name = Products;
			sourceTree = "<group>";
		};
		9B6E542420284FA400F5601B /* swift project */ = {
			isa = PBXGroup;
			children = (
				9B6E542520284FA400F5601B /* main.swift */,
				9B6E54302028618200F5601B /* ShippingInfo.swift */,
				9B6E54322028629300F5601B /* Customer.swift */,
				9B6E54342028643800F5601B /* ShoppingCart.swift */,
				9B6E5436202865FA00F5601B /* Orders.swift */,
				9B6E5438202867BA00F5601B /* User.swift */,
				9B6E543A20286C1300F5601B /* Order Details.swift */,
				9B6E543C20286FDC00F5601B /* Administrator.swift */,
			);
			path = "swift project";
			sourceTree = "<group>";
		};
/* End PBXGroup section */

/* Begin PBXNativeTarget section */
		9B6E542120284FA400F5601B /* swift project */ = {
			isa = PBXNativeTarget;
			buildConfigurationList = 9B6E542920284FA400F5601B /* Build configuration list for PBXNativeTarget "swift project" */;
			buildPhases = (
				9B6E541E20284FA400F5601B /* Sources */,
				9B6E541F20284FA400F5601B /* Frameworks */,
				9B6E542020284FA400F5601B /* CopyFiles */,
			);
			buildRules = (
			);
			dependencies = (
			);
			name = "swift project";
			productName = "swift project";
			productReference = 9B6E542220284FA400F5601B /* swift project */;
			productType = "com.apple.product-type.tool";
		};
/* End PBXNativeTarget section */

/* Begin PBXProject section */
		9B6E541A20284FA400F5601B /* Project object */ = {
			isa = PBXProject;
			attributes = {
				LastSwiftUpdateCheck = 0920;
				LastUpgradeCheck = 0920;
				ORGANIZATIONNAME = MacStudent;
				TargetAttributes = {
					9B6E542120284FA400F5601B = {
						CreatedOnToolsVersion = 9.2;
						ProvisioningStyle = Automatic;
					};
				};
			};
			buildConfigurationList = 9B6E541D20284FA400F5601B /* Build configuration list for PBXProject "swift project" */;
			compatibilityVersion = "Xcode 8.0";
			developmentRegion = en;
			hasScannedForEncodings = 0;
			knownRegions = (
				en,
			);
			mainGroup = 9B6E541920284FA400F5601B;
			productRefGroup = 9B6E542320284FA400F5601B /* Products */;
			projectDirPath = "";
			projectRoot = "";
			targets = (
				9B6E542120284FA400F5601B /* swift project */,
			);
		};
/* End PBXProject section */

/* Begin PBXSourcesBuildPhase section */
		9B6E541E20284FA400F5601B /* Sources */ = {
			isa = PBXSourcesBuildPhase;
			buildActionMask = 2147483647;
			files = (
				9B6E54332028629300F5601B /* Customer.swift in Sources */,
				9B6E543B20286C1300F5601B /* Order Details.swift in Sources */,
				9B6E542620284FA400F5601B /* main.swift in Sources */,
				9B6E5439202867BA00F5601B /* User.swift in Sources */,
				9B6E54312028618200F5601B /* ShippingInfo.swift in Sources */,
				9B6E54352028643800F5601B /* ShoppingCart.swift in Sources */,
				9B6E5437202865FA00F5601B /* Orders.swift in Sources */,
				9B6E543D20286FDC00F5601B /* Administrator.swift in Sources */,
			);
			runOnlyForDeploymentPostprocessing = 0;
		};
/* End PBXSourcesBuildPhase section */

/* Begin XCBuildConfiguration section */
		9B6E542720284FA400F5601B /* Debug */ = {
			isa = XCBuildConfiguration;
			buildSettings = {
				ALWAYS_SEARCH_USER_PATHS = NO;
				CLANG_ANALYZER_NONNULL = YES;
				CLANG_ANALYZER_NUMBER_OBJECT_CONVERSION = YES_AGGRESSIVE;
				CLANG_CXX_LANGUAGE_STANDARD = "gnu++14";
				CLANG_CXX_LIBRARY = "libc++";
				CLANG_ENABLE_MODULES = YES;
				CLANG_ENABLE_OBJC_ARC = YES;
				CLANG_WARN_BLOCK_CAPTURE_AUTORELEASING = YES;
				CLANG_WARN_BOOL_CONVERSION = YES;
				CLANG_WARN_COMMA = YES;
				CLANG_WARN_CONSTANT_CONVERSION = YES;
				CLANG_WARN_DIRECT_OBJC_ISA_USAGE = YES_ERROR;
				CLANG_WARN_DOCUMENTATION_COMMENTS = YES;
				CLANG_WARN_EMPTY_BODY = YES;
				CLANG_WARN_ENUM_CONVERSION = YES;
				CLANG_WARN_INFINITE_RECURSION = YES;
				CLANG_WARN_INT_CONVERSION = YES;
				CLANG_WARN_NON_LITERAL_NULL_CONVERSION = YES;
				CLANG_WARN_OBJC_LITERAL_CONVERSION = YES;
				CLANG_WARN_OBJC_ROOT_CLASS = YES_ERROR;
				CLANG_WARN_RANGE_LOOP_ANALYSIS = YES;
				CLANG_WARN_STRICT_PROTOTYPES = YES;
				CLANG_WARN_SUSPICIOUS_MOVE = YES;
				CLANG_WARN_UNGUARDED_AVAILABILITY = YES_AGGRESSIVE;
				CLANG_WARN_UNREACHABLE_CODE = YES;
				CLANG_WARN__DUPLICATE_METHOD_MATCH = YES;
				CODE_SIGN_IDENTITY = "-";
				COPY_PHASE_STRIP = NO;
				DEBUG_INFORMATION_FORMAT = dwarf;
				ENABLE_STRICT_OBJC_MSGSEND = YES;
				ENABLE_TESTABILITY = YES;
				GCC_C_LANGUAGE_STANDARD = gnu11;
				GCC_DYNAMIC_NO_PIC = NO;
				GCC_NO_COMMON_BLOCKS = YES;
				GCC_OPTIMIZATION_LEVEL = 0;
				GCC_PREPROCESSOR_DEFINITIONS = (
					"DEBUG=1",
					"$(inherited)",
				);
				GCC_WARN_64_TO_32_BIT_CONVERSION = YES;
				GCC_WARN_ABOUT_RETURN_TYPE = YES_ERROR;
				GCC_WARN_UNDECLARED_SELECTOR = YES;
				GCC_WARN_UNINITIALIZED_AUTOS = YES_AGGRESSIVE;
				GCC_WARN_UNUSED_FUNCTION = YES;
				GCC_WARN_UNUSED_VARIABLE = YES;
				MACOSX_DEPLOYMENT_TARGET = 10.13;
				MTL_ENABLE_DEBUG_INFO = YES;
				ONLY_ACTIVE_ARCH = YES;
				SDKROOT = macosx;
				SWIFT_ACTIVE_COMPILATION_CONDITIONS = DEBUG;
				SWIFT_OPTIMIZATION_LEVEL = "-Onone";
			};
			name = Debug;
		};
		9B6E542820284FA400F5601B /* Release */ = {
			isa = XCBuildConfiguration;
			buildSettings = {
				ALWAYS_SEARCH_USER_PATHS = NO;
				CLANG_ANALYZER_NONNULL = YES;
				CLANG_ANALYZER_NUMBER_OBJECT_CONVERSION = YES_AGGRESSIVE;
				CLANG_CXX_LANGUAGE_STANDARD = "gnu++14";
				CLANG_CXX_LIBRARY = "libc++";
				CLANG_ENABLE_MODULES = YES;
				CLANG_ENABLE_OBJC_ARC = YES;
				CLANG_WARN_BLOCK_CAPTURE_AUTORELEASING = YES;
				CLANG_WARN_BOOL_CONVERSION = YES;
				CLANG_WARN_COMMA = YES;
				CLANG_WARN_CONSTANT_CONVERSION = YES;
				CLANG_WARN_DIRECT_OBJC_ISA_USAGE = YES_ERROR;
				CLANG_WARN_DOCUMENTATION_COMMENTS = YES;
				CLANG_WARN_EMPTY_BODY = YES;
				CLANG_WARN_ENUM_CONVERSION = YES;
				CLANG_WARN_INFINITE_RECURSION = YES;
				CLANG_WARN_INT_CONVERSION = YES;
				CLANG_WARN_NON_LITERAL_NULL_CONVERSION = YES;
				CLANG_WARN_OBJC_LITERAL_CONVERSION = YES;
				CLANG_WARN_OBJC_ROOT_CLASS = YES_ERROR;
				CLANG_WARN_RANGE_LOOP_ANALYSIS = YES;
				CLANG_WARN_STRICT_PROTOTYPES = YES;
				CLANG_WARN_SUSPICIOUS_MOVE = YES;
				CLANG_WARN_UNGUARDED_AVAILABILITY = YES_AGGRESSIVE;
				CLANG_WARN_UNREACHABLE_CODE = YES;
				CLANG_WARN__DUPLICATE_METHOD_MATCH = YES;
				CODE_SIGN_IDENTITY = "-";
				COPY_PHASE_STRIP = NO;
				DEBUG_INFORMATION_FORMAT = "dwarf-with-dsym";
				ENABLE_NS_ASSERTIONS = NO;
				ENABLE_STRICT_OBJC_MSGSEND = YES;
				GCC_C_LANGUAGE_STANDARD = gnu11;
				GCC_NO_COMMON_BLOCKS = YES;
				GCC_WARN_64_TO_32_BIT_CONVERSION = YES;
				GCC_WARN_ABOUT_RETURN_TYPE = YES_ERROR;
				GCC_WARN_UNDECLARED_SELECTOR = YES;
				GCC_WARN_UNINITIALIZED_AUTOS = YES_AGGRESSIVE;
				GCC_WARN_UNUSED_FUNCTION = YES;
				GCC_WARN_UNUSED_VARIABLE = YES;
				MACOSX_DEPLOYMENT_TARGET = 10.13;
				MTL_ENABLE_DEBUG_INFO = NO;
				SDKROOT = macosx;
				SWIFT_OPTIMIZATION_LEVEL = "-Owholemodule";
			};
			name = Release;
		};
		9B6E542A20284FA400F5601B /* Debug */ = {
			isa = XCBuildConfiguration;
			buildSettings = {
				CODE_SIGN_STYLE = Automatic;
				PRODUCT_NAME = "$(TARGET_NAME)";
				SWIFT_VERSION = 4.0;
			};
			name = Debug;
		};
		9B6E542B20284FA400F5601B /* Release */ = {
			isa = XCBuildConfiguration;
			buildSettings = {
				CODE_SIGN_STYLE = Automatic;
				PRODUCT_NAME = "$(TARGET_NAME)";
				SWIFT_VERSION = 4.0;
			};
			name = Release;
		};
/* End XCBuildConfiguration section */

/* Begin XCConfigurationList section */
		9B6E541D20284FA400F5601B /* Build configuration list for PBXProject "swift project" */ = {
			isa = XCConfigurationList;
			buildConfigurations = (
				9B6E542720284FA400F5601B /* Debug */,
				9B6E542820284FA400F5601B /* Release */,
			);
			defaultConfigurationIsVisible = 0;
			defaultConfigurationName = Release;
		};
		9B6E542920284FA400F5601B /* Build configuration list for PBXNativeTarget "swift project" */ = {
			isa = XCConfigurationList;
			buildConfigurations = (
				9B6E542A20284FA400F5601B /* Debug */,
				9B6E542B20284FA400F5601B /* Release */,
			);
			defaultConfigurationIsVisible = 0;
			defaultConfigurationName = Release;
		};
/* End XCConfigurationList section */
	};
	rootObject = 9B6E541A20284FA400F5601B /* Project object */;
}
