// !$*UTF8*$!
{
	archiveVersion = 1;
	classes = {
	};
	objectVersion = 48;
	objects = {

/* Begin PBXBuildFile section */
		9B533162202C3DA2000A2119 /* main.swift in Sources */ = {isa = PBXBuildFile; fileRef = 9B533161202C3DA2000A2119 /* main.swift */; };
		9B533169202C3EEB000A2119 /* Product.swift in Sources */ = {isa = PBXBuildFile; fileRef = 9B533168202C3EEB000A2119 /* Product.swift */; };
		9B53316B202C3EFF000A2119 /* CartItem.swift in Sources */ = {isa = PBXBuildFile; fileRef = 9B53316A202C3EFF000A2119 /* CartItem.swift */; };
		9B53316D202C4546000A2119 /* Person.swift in Sources */ = {isa = PBXBuildFile; fileRef = 9B53316C202C4546000A2119 /* Person.swift */; };
		9B53316F202C4584000A2119 /* License.swift in Sources */ = {isa = PBXBuildFile; fileRef = 9B53316E202C4584000A2119 /* License.swift */; };
		9B533171202C4A12000A2119 /* Manufacturer.swift in Sources */ = {isa = PBXBuildFile; fileRef = 9B533170202C4A12000A2119 /* Manufacturer.swift */; };
		9B533174202C4C2F000A2119 /* Vehicle.swift in Sources */ = {isa = PBXBuildFile; fileRef = 9B533173202C4C2F000A2119 /* Vehicle.swift */; };
		9B533176202C519F000A2119 /* Preference.swift in Sources */ = {isa = PBXBuildFile; fileRef = 9B533175202C519F000A2119 /* Preference.swift */; };
		9B533179202C5C73000A2119 /* Subscripts.swift in Sources */ = {isa = PBXBuildFile; fileRef = 9B533178202C5C73000A2119 /* Subscripts.swift */; };
/* End PBXBuildFile section */

/* Begin PBXCopyFilesBuildPhase section */
		9B53315C202C3DA2000A2119 /* CopyFiles */ = {
			isa = PBXCopyFilesBuildPhase;
			buildActionMask = 2147483647;
			dstPath = /usr/share/man/man1/;
			dstSubfolderSpec = 0;
			files = (
			);
			runOnlyForDeploymentPostprocessing = 1;
		};
/* End PBXCopyFilesBuildPhase section */

/* Begin PBXFileReference section */
		9B53315E202C3DA2000A2119 /* Day9 */ = {isa = PBXFileReference; explicitFileType = "compiled.mach-o.executable"; includeInIndex = 0; path = Day9; sourceTree = BUILT_PRODUCTS_DIR; };
		9B533161202C3DA2000A2119 /* main.swift */ = {isa = PBXFileReference; lastKnownFileType = sourcecode.swift; path = main.swift; sourceTree = "<group>"; };
		9B533168202C3EEB000A2119 /* Product.swift */ = {isa = PBXFileReference; lastKnownFileType = sourcecode.swift; path = Product.swift; sourceTree = "<group>"; };
		9B53316A202C3EFF000A2119 /* CartItem.swift */ = {isa = PBXFileReference; lastKnownFileType = sourcecode.swift; path = CartItem.swift; sourceTree = "<group>"; };
		9B53316C202C4546000A2119 /* Person.swift */ = {isa = PBXFileReference; lastKnownFileType = sourcecode.swift; path = Person.swift; sourceTree = "<group>"; };
		9B53316E202C4584000A2119 /* License.swift */ = {isa = PBXFileReference; lastKnownFileType = sourcecode.swift; path = License.swift; sourceTree = "<group>"; };
		9B533170202C4A12000A2119 /* Manufacturer.swift */ = {isa = PBXFileReference; lastKnownFileType = sourcecode.swift; path = Manufacturer.swift; sourceTree = "<group>"; };
		9B533173202C4C2F000A2119 /* Vehicle.swift */ = {isa = PBXFileReference; lastKnownFileType = sourcecode.swift; path = Vehicle.swift; sourceTree = "<group>"; };
		9B533175202C519F000A2119 /* Preference.swift */ = {isa = PBXFileReference; lastKnownFileType = sourcecode.swift; path = Preference.swift; sourceTree = "<group>"; };
		9B533178202C5C73000A2119 /* Subscripts.swift */ = {isa = PBXFileReference; lastKnownFileType = sourcecode.swift; path = Subscripts.swift; sourceTree = "<group>"; };
/* End PBXFileReference section */

/* Begin PBXFrameworksBuildPhase section */
		9B53315B202C3DA2000A2119 /* Frameworks */ = {
			isa = PBXFrameworksBuildPhase;
			buildActionMask = 2147483647;
			files = (
			);
			runOnlyForDeploymentPostprocessing = 0;
		};
/* End PBXFrameworksBuildPhase section */

/* Begin PBXGroup section */
		9B533155202C3DA2000A2119 = {
			isa = PBXGroup;
			children = (
				9B533160202C3DA2000A2119 /* Day9 */,
				9B53315F202C3DA2000A2119 /* Products */,
				9B533177202C5C52000A2119 /* New Group */,
			);
			sourceTree = "<group>";
		};
		9B53315F202C3DA2000A2119 /* Products */ = {
			isa = PBXGroup;
			children = (
				9B53315E202C3DA2000A2119 /* Day9 */,
			);
			name = Products;
			sourceTree = "<group>";
		};
		9B533160202C3DA2000A2119 /* Day9 */ = {
			isa = PBXGroup;
			children = (
				9B533161202C3DA2000A2119 /* main.swift */,
				9B533168202C3EEB000A2119 /* Product.swift */,
				9B53316A202C3EFF000A2119 /* CartItem.swift */,
				9B53316C202C4546000A2119 /* Person.swift */,
				9B53316E202C4584000A2119 /* License.swift */,
				9B533172202C4C13000A2119 /* manufacturer */,
				9B533170202C4A12000A2119 /* Manufacturer.swift */,
				9B533175202C519F000A2119 /* Preference.swift */,
			);
			path = Day9;
			sourceTree = "<group>";
		};
		9B533172202C4C13000A2119 /* manufacturer */ = {
			isa = PBXGroup;
			children = (
				9B533173202C4C2F000A2119 /* Vehicle.swift */,
			);
			path = manufacturer;
			sourceTree = "<group>";
		};
		9B533177202C5C52000A2119 /* New Group */ = {
			isa = PBXGroup;
			children = (
				9B533178202C5C73000A2119 /* Subscripts.swift */,
			);
			path = "New Group";
			sourceTree = "<group>";
		};
/* End PBXGroup section */

/* Begin PBXNativeTarget section */
		9B53315D202C3DA2000A2119 /* Day9 */ = {
			isa = PBXNativeTarget;
			buildConfigurationList = 9B533165202C3DA2000A2119 /* Build configuration list for PBXNativeTarget "Day9" */;
			buildPhases = (
				9B53315A202C3DA2000A2119 /* Sources */,
				9B53315B202C3DA2000A2119 /* Frameworks */,
				9B53315C202C3DA2000A2119 /* CopyFiles */,
			);
			buildRules = (
			);
			dependencies = (
			);
			name = Day9;
			productName = Day9;
			productReference = 9B53315E202C3DA2000A2119 /* Day9 */;
			productType = "com.apple.product-type.tool";
		};
/* End PBXNativeTarget section */

/* Begin PBXProject section */
		9B533156202C3DA2000A2119 /* Project object */ = {
			isa = PBXProject;
			attributes = {
				LastSwiftUpdateCheck = 0920;
				LastUpgradeCheck = 0920;
				ORGANIZATIONNAME = MacStudent;
				TargetAttributes = {
					9B53315D202C3DA2000A2119 = {
						CreatedOnToolsVersion = 9.2;
						ProvisioningStyle = Automatic;
					};
				};
			};
			buildConfigurationList = 9B533159202C3DA2000A2119 /* Build configuration list for PBXProject "Day9" */;
			compatibilityVersion = "Xcode 8.0";
			developmentRegion = en;
			hasScannedForEncodings = 0;
			knownRegions = (
				en,
			);
			mainGroup = 9B533155202C3DA2000A2119;
			productRefGroup = 9B53315F202C3DA2000A2119 /* Products */;
			projectDirPath = "";
			projectRoot = "";
			targets = (
				9B53315D202C3DA2000A2119 /* Day9 */,
			);
		};
/* End PBXProject section */

/* Begin PBXSourcesBuildPhase section */
		9B53315A202C3DA2000A2119 /* Sources */ = {
			isa = PBXSourcesBuildPhase;
			buildActionMask = 2147483647;
			files = (
				9B533162202C3DA2000A2119 /* main.swift in Sources */,
				9B53316B202C3EFF000A2119 /* CartItem.swift in Sources */,
				9B533176202C519F000A2119 /* Preference.swift in Sources */,
				9B533171202C4A12000A2119 /* Manufacturer.swift in Sources */,
				9B533179202C5C73000A2119 /* Subscripts.swift in Sources */,
				9B53316F202C4584000A2119 /* License.swift in Sources */,
				9B533174202C4C2F000A2119 /* Vehicle.swift in Sources */,
				9B53316D202C4546000A2119 /* Person.swift in Sources */,
				9B533169202C3EEB000A2119 /* Product.swift in Sources */,
			);
			runOnlyForDeploymentPostprocessing = 0;
		};
/* End PBXSourcesBuildPhase section */

/* Begin XCBuildConfiguration section */
		9B533163202C3DA2000A2119 /* Debug */ = {
			isa = XCBuildConfiguration;
			buildSettings = {
				ALWAYS_SEARCH_USER_PATHS = NO;
				CLANG_ANALYZER_NONNULL = YES;
				CLANG_ANALYZER_NUMBER_OBJECT_CONVERSION = YES_AGGRESSIVE;
				CLANG_CXX_LANGUAGE_STANDARD = "gnu++14";
				CLANG_CXX_LIBRARY = "libc++";
				CLANG_ENABLE_MODULES = YES;
				CLANG_ENABLE_OBJC_ARC = YES;
				CLANG_WARN_BLOCK_CAPTURE_AUTORELEASING = YES;
				CLANG_WARN_BOOL_CONVERSION = YES;
				CLANG_WARN_COMMA = YES;
				CLANG_WARN_CONSTANT_CONVERSION = YES;
				CLANG_WARN_DIRECT_OBJC_ISA_USAGE = YES_ERROR;
				CLANG_WARN_DOCUMENTATION_COMMENTS = YES;
				CLANG_WARN_EMPTY_BODY = YES;
				CLANG_WARN_ENUM_CONVERSION = YES;
				CLANG_WARN_INFINITE_RECURSION = YES;
				CLANG_WARN_INT_CONVERSION = YES;
				CLANG_WARN_NON_LITERAL_NULL_CONVERSION = YES;
				CLANG_WARN_OBJC_LITERAL_CONVERSION = YES;
				CLANG_WARN_OBJC_ROOT_CLASS = YES_ERROR;
				CLANG_WARN_RANGE_LOOP_ANALYSIS = YES;
				CLANG_WARN_STRICT_PROTOTYPES = YES;
				CLANG_WARN_SUSPICIOUS_MOVE = YES;
				CLANG_WARN_UNGUARDED_AVAILABILITY = YES_AGGRESSIVE;
				CLANG_WARN_UNREACHABLE_CODE = YES;
				CLANG_WARN__DUPLICATE_METHOD_MATCH = YES;
				CODE_SIGN_IDENTITY = "-";
				COPY_PHASE_STRIP = NO;
				DEBUG_INFORMATION_FORMAT = dwarf;
				ENABLE_STRICT_OBJC_MSGSEND = YES;
				ENABLE_TESTABILITY = YES;
				GCC_C_LANGUAGE_STANDARD = gnu11;
				GCC_DYNAMIC_NO_PIC = NO;
				GCC_NO_COMMON_BLOCKS = YES;
				GCC_OPTIMIZATION_LEVEL = 0;
				GCC_PREPROCESSOR_DEFINITIONS = (
					"DEBUG=1",
					"$(inherited)",
				);
				GCC_WARN_64_TO_32_BIT_CONVERSION = YES;
				GCC_WARN_ABOUT_RETURN_TYPE = YES_ERROR;
				GCC_WARN_UNDECLARED_SELECTOR = YES;
				GCC_WARN_UNINITIALIZED_AUTOS = YES_AGGRESSIVE;
				GCC_WARN_UNUSED_FUNCTION = YES;
				GCC_WARN_UNUSED_VARIABLE = YES;
				MACOSX_DEPLOYMENT_TARGET = 10.13;
				MTL_ENABLE_DEBUG_INFO = YES;
				ONLY_ACTIVE_ARCH = YES;
				SDKROOT = macosx;
				SWIFT_ACTIVE_COMPILATION_CONDITIONS = DEBUG;
				SWIFT_OPTIMIZATION_LEVEL = "-Onone";
			};
			name = Debug;
		};
		9B533164202C3DA2000A2119 /* Release */ = {
			isa = XCBuildConfiguration;
			buildSettings = {
				ALWAYS_SEARCH_USER_PATHS = NO;
				CLANG_ANALYZER_NONNULL = YES;
				CLANG_ANALYZER_NUMBER_OBJECT_CONVERSION = YES_AGGRESSIVE;
				CLANG_CXX_LANGUAGE_STANDARD = "gnu++14";
				CLANG_CXX_LIBRARY = "libc++";
				CLANG_ENABLE_MODULES = YES;
				CLANG_ENABLE_OBJC_ARC = YES;
				CLANG_WARN_BLOCK_CAPTURE_AUTORELEASING = YES;
				CLANG_WARN_BOOL_CONVERSION = YES;
				CLANG_WARN_COMMA = YES;
				CLANG_WARN_CONSTANT_CONVERSION = YES;
				CLANG_WARN_DIRECT_OBJC_ISA_USAGE = YES_ERROR;
				CLANG_WARN_DOCUMENTATION_COMMENTS = YES;
				CLANG_WARN_EMPTY_BODY = YES;
				CLANG_WARN_ENUM_CONVERSION = YES;
				CLANG_WARN_INFINITE_RECURSION = YES;
				CLANG_WARN_INT_CONVERSION = YES;
				CLANG_WARN_NON_LITERAL_NULL_CONVERSION = YES;
				CLANG_WARN_OBJC_LITERAL_CONVERSION = YES;
				CLANG_WARN_OBJC_ROOT_CLASS = YES_ERROR;
				CLANG_WARN_RANGE_LOOP_ANALYSIS = YES;
				CLANG_WARN_STRICT_PROTOTYPES = YES;
				CLANG_WARN_SUSPICIOUS_MOVE = YES;
				CLANG_WARN_UNGUARDED_AVAILABILITY = YES_AGGRESSIVE;
				CLANG_WARN_UNREACHABLE_CODE = YES;
				CLANG_WARN__DUPLICATE_METHOD_MATCH = YES;
				CODE_SIGN_IDENTITY = "-";
				COPY_PHASE_STRIP = NO;
				DEBUG_INFORMATION_FORMAT = "dwarf-with-dsym";
				ENABLE_NS_ASSERTIONS = NO;
				ENABLE_STRICT_OBJC_MSGSEND = YES;
				GCC_C_LANGUAGE_STANDARD = gnu11;
				GCC_NO_COMMON_BLOCKS = YES;
				GCC_WARN_64_TO_32_BIT_CONVERSION = YES;
				GCC_WARN_ABOUT_RETURN_TYPE = YES_ERROR;
				GCC_WARN_UNDECLARED_SELECTOR = YES;
				GCC_WARN_UNINITIALIZED_AUTOS = YES_AGGRESSIVE;
				GCC_WARN_UNUSED_FUNCTION = YES;
				GCC_WARN_UNUSED_VARIABLE = YES;
				MACOSX_DEPLOYMENT_TARGET = 10.13;
				MTL_ENABLE_DEBUG_INFO = NO;
				SDKROOT = macosx;
				SWIFT_OPTIMIZATION_LEVEL = "-Owholemodule";
			};
			name = Release;
		};
		9B533166202C3DA2000A2119 /* Debug */ = {
			isa = XCBuildConfiguration;
			buildSettings = {
				CODE_SIGN_STYLE = Automatic;
				PRODUCT_NAME = "$(TARGET_NAME)";
				SWIFT_VERSION = 4.0;
			};
			name = Debug;
		};
		9B533167202C3DA2000A2119 /* Release */ = {
			isa = XCBuildConfiguration;
			buildSettings = {
				CODE_SIGN_STYLE = Automatic;
				PRODUCT_NAME = "$(TARGET_NAME)";
				SWIFT_VERSION = 4.0;
			};
			name = Release;
		};
/* End XCBuildConfiguration section */

/* Begin XCConfigurationList section */
		9B533159202C3DA2000A2119 /* Build configuration list for PBXProject "Day9" */ = {
			isa = XCConfigurationList;
			buildConfigurations = (
				9B533163202C3DA2000A2119 /* Debug */,
				9B533164202C3DA2000A2119 /* Release */,
			);
			defaultConfigurationIsVisible = 0;
			defaultConfigurationName = Release;
		};
		9B533165202C3DA2000A2119 /* Build configuration list for PBXNativeTarget "Day9" */ = {
			isa = XCConfigurationList;
			buildConfigurations = (
				9B533166202C3DA2000A2119 /* Debug */,
				9B533167202C3DA2000A2119 /* Release */,
			);
			defaultConfigurationIsVisible = 0;
			defaultConfigurationName = Release;
		};
/* End XCConfigurationList section */
	};
	rootObject = 9B533156202C3DA2000A2119 /* Project object */;
}
